
Microsoft Visual Studio Solution File, Format Version 12.00
# Visual Studio Version 17
VisualStudioVersion = 17.4.33205.214
MinimumVisualStudioVersion = 10.0.40219.1
Project("{FAE04EC0-301F-11D3-BF4B-00C04F79EFBC}") = "MVCNetCoreBackyFront", "MVCNetCoreBackyFront\MVCNetCoreBackyFront.csproj", "{1BD37433-B6B2-4FC5-9B79-38DAA961B538}"
EndProject
Global
	GlobalSection(SolutionConfigurationPlatforms) = preSolution
		Debug|Any CPU = Debug|Any CPU
		Release|Any CPU = Release|Any CPU
	EndGlobalSection
	GlobalSection(ProjectConfigurationPlatforms) = postSolution
		{1BD37433-B6B2-4FC5-9B79-38DAA961B538}.Debug|Any CPU.ActiveCfg = Debug|Any CPU
		{1BD37433-B6B2-4FC5-9B79-38DAA961B538}.Debug|Any CPU.Build.0 = Debug|Any CPU
		{1BD37433-B6B2-4FC5-9B79-38DAA961B538}.Release|Any CPU.ActiveCfg = Release|Any CPU
		{1BD37433-B6B2-4FC5-9B79-38DAA961B538}.Release|Any CPU.Build.0 = Release|Any CPU
	EndGlobalSection
	GlobalSection(SolutionProperties) = preSolution
		HideSolutionNode = FALSE
	EndGlobalSection
	GlobalSection(ExtensibilityGlobals) = postSolution
		SolutionGuid = {2FF489E0-2DB5-4A21-95E6-18A273CF041A}
	EndGlobalSection
EndGlobal
